
Microsoft Visual Studio Solution File, Format Version 12.00
# Visual Studio Version 16
VisualStudioVersion = 16.0.30517.126
MinimumVisualStudioVersion = 10.0.40219.1
Project("{FAE04EC0-301F-11D3-BF4B-00C04F79EFBC}") = "Mvc_Ogrenci_Kayit", "Mvc_Ogrenci_Kayit\Mvc_Ogrenci_Kayit.csproj", "{9BD7DE24-EC1D-44CA-819B-BC4D7F993FD9}"
EndProject
Global
	GlobalSection(SolutionConfigurationPlatforms) = preSolution
		Debug|Any CPU = Debug|Any CPU
		Release|Any CPU = Release|Any CPU
	EndGlobalSection
	GlobalSection(ProjectConfigurationPlatforms) = postSolution
		{9BD7DE24-EC1D-44CA-819B-BC4D7F993FD9}.Debug|Any CPU.ActiveCfg = Debug|Any CPU
		{9BD7DE24-EC1D-44CA-819B-BC4D7F993FD9}.Debug|Any CPU.Build.0 = Debug|Any CPU
		{9BD7DE24-EC1D-44CA-819B-BC4D7F993FD9}.Release|Any CPU.ActiveCfg = Release|Any CPU
		{9BD7DE24-EC1D-44CA-819B-BC4D7F993FD9}.Release|Any CPU.Build.0 = Release|Any CPU
	EndGlobalSection
	GlobalSection(SolutionProperties) = preSolution
		HideSolutionNode = FALSE
	EndGlobalSection
	GlobalSection(ExtensibilityGlobals) = postSolution
		SolutionGuid = {97BA67A0-ED4D-4899-832D-997C986C179A}
	EndGlobalSection
EndGlobal
